
Microsoft Visual Studio Solution File, Format Version 12.00
# Visual Studio Version 16
VisualStudioVersion = 16.0.31410.357
MinimumVisualStudioVersion = 10.0.40219.1
Project("{FAE04EC0-301F-11D3-BF4B-00C04F79EFBC}") = "WebApi", "WebApi\WebApi.csproj", "{252524C2-6E9B-472B-AABE-3A21311366C4}"
EndProject
Global
	GlobalSection(SolutionConfigurationPlatforms) = preSolution
		Debug|Any CPU = Debug|Any CPU
		Release|Any CPU = Release|Any CPU
	EndGlobalSection
	GlobalSection(ProjectConfigurationPlatforms) = postSolution
		{252524C2-6E9B-472B-AABE-3A21311366C4}.Debug|Any CPU.ActiveCfg = Debug|Any CPU
		{252524C2-6E9B-472B-AABE-3A21311366C4}.Debug|Any CPU.Build.0 = Debug|Any CPU
		{252524C2-6E9B-472B-AABE-3A21311366C4}.Release|Any CPU.ActiveCfg = Release|Any CPU
		{252524C2-6E9B-472B-AABE-3A21311366C4}.Release|Any CPU.Build.0 = Release|Any CPU
	EndGlobalSection
	GlobalSection(SolutionProperties) = preSolution
		HideSolutionNode = FALSE
	EndGlobalSection
	GlobalSection(ExtensibilityGlobals) = postSolution
		SolutionGuid = {41DD965C-E96F-4158-BF25-40E05CDBDCB7}
	EndGlobalSection
EndGlobal
